{
  "name": "egret-res-json-manager",
  "version": "0.0.1",
  "lockfileVersion": 1,
  "requires": true,
  "dependencies": {
    "@types/node": {
      "version": "11.11.7",
      "resolved": "http://registry.npm.taobao.org/@types/node/download/@types/node-11.11.7.tgz",
      "integrity": "sha1-8cNakGuCra527eWrDSCI5Y+jeEM=",
      "dev": true
    },
    "node": {
      "version": "11.12.0",
      "resolved": "http://registry.npm.taobao.org/node/download/node-11.12.0.tgz",
      "integrity": "sha1-7Pgfxcbyf9WXvX/74c8ffC+jqZA=",
      "requires": {
        "node-bin-setup": "^1.0.0"
      }
    },
    "node-bin-setup": {
      "version": "1.0.6",
      "resolved": "http://registry.npm.taobao.org/node-bin-setup/download/node-bin-setup-1.0.6.tgz",
      "integrity": "sha1-S1ybuTfs5wLXBps2ynivRoRndSg="
    },
    "typescript": {
      "version": "3.3.4000",
      "resolved": "http://registry.npm.taobao.org/typescript/download/typescript-3.3.4000.tgz",
      "integrity": "sha1-drD4nP2/l4J+ERLWTyg/EVHWrfA="
    }
  }
}
